
Microsoft Visual Studio Solution File, Format Version 12.00
# Visual Studio Version 16
VisualStudioVersion = 16.0.29709.97
MinimumVisualStudioVersion = 10.0.40219.1
Project("{FAE04EC0-301F-11D3-BF4B-00C04F79EFBC}") = "WeRide_Backend", "WeRide_Backend\WeRide_Backend.csproj", "{A84728D6-2EE8-47D8-AC10-1B1C6B62404B}"
EndProject
Global
	GlobalSection(SolutionConfigurationPlatforms) = preSolution
		Debug|Any CPU = Debug|Any CPU
		Release|Any CPU = Release|Any CPU
	EndGlobalSection
	GlobalSection(ProjectConfigurationPlatforms) = postSolution
		{A84728D6-2EE8-47D8-AC10-1B1C6B62404B}.Debug|Any CPU.ActiveCfg = Debug|Any CPU
		{A84728D6-2EE8-47D8-AC10-1B1C6B62404B}.Debug|Any CPU.Build.0 = Debug|Any CPU
		{A84728D6-2EE8-47D8-AC10-1B1C6B62404B}.Release|Any CPU.ActiveCfg = Release|Any CPU
		{A84728D6-2EE8-47D8-AC10-1B1C6B62404B}.Release|Any CPU.Build.0 = Release|Any CPU
	EndGlobalSection
	GlobalSection(SolutionProperties) = preSolution
		HideSolutionNode = FALSE
	EndGlobalSection
	GlobalSection(ExtensibilityGlobals) = postSolution
		SolutionGuid = {279B81C2-1731-40A2-A486-B9C9241AC991}
	EndGlobalSection
EndGlobal
